
Microsoft Visual Studio Solution File, Format Version 12.00
# Visual Studio 15
VisualStudioVersion = 15.0.28307.329
MinimumVisualStudioVersion = 10.0.40219.1
Project("{9A19103F-16F7-4668-BE54-9A1E7A4F7556}") = "AsyncInn", "AsyncInn\AsyncInn.csproj", "{74E0551B-17D7-4BC4-A622-4ECBD0A7034C}"
EndProject
Project("{FAE04EC0-301F-11D3-BF4B-00C04F79EFBC}") = "UnitTests", "UnitTests\UnitTests.csproj", "{DC5FAD9B-9240-4091-9E10-18B9D34DE008}"
EndProject
Global
	GlobalSection(SolutionConfigurationPlatforms) = preSolution
		Debug|Any CPU = Debug|Any CPU
		Release|Any CPU = Release|Any CPU
	EndGlobalSection
	GlobalSection(ProjectConfigurationPlatforms) = postSolution
		{74E0551B-17D7-4BC4-A622-4ECBD0A7034C}.Debug|Any CPU.ActiveCfg = Debug|Any CPU
		{74E0551B-17D7-4BC4-A622-4ECBD0A7034C}.Debug|Any CPU.Build.0 = Debug|Any CPU
		{74E0551B-17D7-4BC4-A622-4ECBD0A7034C}.Release|Any CPU.ActiveCfg = Release|Any CPU
		{74E0551B-17D7-4BC4-A622-4ECBD0A7034C}.Release|Any CPU.Build.0 = Release|Any CPU
		{DC5FAD9B-9240-4091-9E10-18B9D34DE008}.Debug|Any CPU.ActiveCfg = Debug|Any CPU
		{DC5FAD9B-9240-4091-9E10-18B9D34DE008}.Debug|Any CPU.Build.0 = Debug|Any CPU
		{DC5FAD9B-9240-4091-9E10-18B9D34DE008}.Release|Any CPU.ActiveCfg = Release|Any CPU
		{DC5FAD9B-9240-4091-9E10-18B9D34DE008}.Release|Any CPU.Build.0 = Release|Any CPU
	EndGlobalSection
	GlobalSection(SolutionProperties) = preSolution
		HideSolutionNode = FALSE
	EndGlobalSection
	GlobalSection(ExtensibilityGlobals) = postSolution
		SolutionGuid = {0EE392C8-CB9A-4E93-8085-38629B67F172}
	EndGlobalSection
EndGlobal
